
Microsoft Visual Studio Solution File, Format Version 12.00
# Visual Studio 15
VisualStudioVersion = 15.0.27130.2010
MinimumVisualStudioVersion = 10.0.40219.1
Project("{FAE04EC0-301F-11D3-BF4B-00C04F79EFBC}") = "ART", "ART\ART.csproj", "{74B48622-EE16-49DF-BCDA-12FF2F90D8B8}"
EndProject
Project("{FAE04EC0-301F-11D3-BF4B-00C04F79EFBC}") = "ArtHandler", "ArtHandler\ArtHandler.csproj", "{E5DB031F-E42B-4222-8A15-82A6E73629C9}"
EndProject
Global
	GlobalSection(SolutionConfigurationPlatforms) = preSolution
		CD_ROM|Any CPU = CD_ROM|Any CPU
		Debug|Any CPU = Debug|Any CPU
		DVD-5|Any CPU = DVD-5|Any CPU
		Release|Any CPU = Release|Any CPU
		SingleImage|Any CPU = SingleImage|Any CPU
	EndGlobalSection
	GlobalSection(ProjectConfigurationPlatforms) = postSolution
		{74B48622-EE16-49DF-BCDA-12FF2F90D8B8}.CD_ROM|Any CPU.ActiveCfg = Release|Any CPU
		{74B48622-EE16-49DF-BCDA-12FF2F90D8B8}.CD_ROM|Any CPU.Build.0 = Release|Any CPU
		{74B48622-EE16-49DF-BCDA-12FF2F90D8B8}.Debug|Any CPU.ActiveCfg = Debug|Any CPU
		{74B48622-EE16-49DF-BCDA-12FF2F90D8B8}.Debug|Any CPU.Build.0 = Debug|Any CPU
		{74B48622-EE16-49DF-BCDA-12FF2F90D8B8}.DVD-5|Any CPU.ActiveCfg = Debug|Any CPU
		{74B48622-EE16-49DF-BCDA-12FF2F90D8B8}.DVD-5|Any CPU.Build.0 = Debug|Any CPU
		{74B48622-EE16-49DF-BCDA-12FF2F90D8B8}.Release|Any CPU.ActiveCfg = Release|Any CPU
		{74B48622-EE16-49DF-BCDA-12FF2F90D8B8}.Release|Any CPU.Build.0 = Release|Any CPU
		{74B48622-EE16-49DF-BCDA-12FF2F90D8B8}.SingleImage|Any CPU.ActiveCfg = Release|Any CPU
		{74B48622-EE16-49DF-BCDA-12FF2F90D8B8}.SingleImage|Any CPU.Build.0 = Release|Any CPU
		{E5DB031F-E42B-4222-8A15-82A6E73629C9}.CD_ROM|Any CPU.ActiveCfg = Release|Any CPU
		{E5DB031F-E42B-4222-8A15-82A6E73629C9}.CD_ROM|Any CPU.Build.0 = Release|Any CPU
		{E5DB031F-E42B-4222-8A15-82A6E73629C9}.Debug|Any CPU.ActiveCfg = Debug|Any CPU
		{E5DB031F-E42B-4222-8A15-82A6E73629C9}.Debug|Any CPU.Build.0 = Debug|Any CPU
		{E5DB031F-E42B-4222-8A15-82A6E73629C9}.DVD-5|Any CPU.ActiveCfg = Debug|Any CPU
		{E5DB031F-E42B-4222-8A15-82A6E73629C9}.DVD-5|Any CPU.Build.0 = Debug|Any CPU
		{E5DB031F-E42B-4222-8A15-82A6E73629C9}.Release|Any CPU.ActiveCfg = Release|Any CPU
		{E5DB031F-E42B-4222-8A15-82A6E73629C9}.Release|Any CPU.Build.0 = Release|Any CPU
		{E5DB031F-E42B-4222-8A15-82A6E73629C9}.SingleImage|Any CPU.ActiveCfg = Release|Any CPU
		{E5DB031F-E42B-4222-8A15-82A6E73629C9}.SingleImage|Any CPU.Build.0 = Release|Any CPU
	EndGlobalSection
	GlobalSection(SolutionProperties) = preSolution
		HideSolutionNode = FALSE
	EndGlobalSection
	GlobalSection(ExtensibilityGlobals) = postSolution
		SolutionGuid = {7C363481-5EF2-4B23-B80B-6FC84C2C0B88}
	EndGlobalSection
EndGlobal
